// !$*UTF8*$!
{
	archiveVersion = 1;
	classes = {
	};
	objectVersion = 45;
	objects = {

/* Begin PBXBuildFile section */
		1D3623260D0F684500981E51 /* TTPickerTextFieldDemoAppDelegate.m in Sources */ = {isa = PBXBuildFile; fileRef = 1D3623250D0F684500981E51 /* TTPickerTextFieldDemoAppDelegate.m */; };
		1D60589B0D05DD56006BFB54 /* main.m in Sources */ = {isa = PBXBuildFile; fileRef = 29B97316FDCFA39411CA2CEA /* main.m */; };
		1D60589F0D05DD5A006BFB54 /* Foundation.framework in Frameworks */ = {isa = PBXBuildFile; fileRef = 1D30AB110D05D00D00671497 /* Foundation.framework */; };
		1DF5F4E00D08C38300B7A737 /* UIKit.framework in Frameworks */ = {isa = PBXBuildFile; fileRef = 1DF5F4DF0D08C38300B7A737 /* UIKit.framework */; };
		26E639A610B7D5C6001A3243 /* Three20.bundle in Resources */ = {isa = PBXBuildFile; fileRef = 26E639A510B7D5C6001A3243 /* Three20.bundle */; };
		26E639C610B7D5CF001A3243 /* Prime31.bundle in Resources */ = {isa = PBXBuildFile; fileRef = 26E639C510B7D5CF001A3243 /* Prime31.bundle */; };
		26E639CF10B7D603001A3243 /* libThree20.a in Frameworks */ = {isa = PBXBuildFile; fileRef = 26E639A110B7D5B5001A3243 /* libThree20.a */; };
		26E639D410B7D613001A3243 /* QuartzCore.framework in Frameworks */ = {isa = PBXBuildFile; fileRef = 26E639D310B7D613001A3243 /* QuartzCore.framework */; };
		26E63A0B10B7D9D8001A3243 /* PickerController.m in Sources */ = {isa = PBXBuildFile; fileRef = 26E63A0A10B7D9D8001A3243 /* PickerController.m */; };
		26E63A1A10B7DACD001A3243 /* StatesModel.m in Sources */ = {isa = PBXBuildFile; fileRef = 26E63A1910B7DACD001A3243 /* StatesModel.m */; };
		26E63A3C10B7DC4B001A3243 /* PickerDataSource.m in Sources */ = {isa = PBXBuildFile; fileRef = 26E63A3B10B7DC4B001A3243 /* PickerDataSource.m */; };
		288765FD0DF74451002DB57D /* CoreGraphics.framework in Frameworks */ = {isa = PBXBuildFile; fileRef = 288765FC0DF74451002DB57D /* CoreGraphics.framework */; };
/* End PBXBuildFile section */

/* Begin PBXContainerItemProxy section */
		26E639A010B7D5B5001A3243 /* PBXContainerItemProxy */ = {
			isa = PBXContainerItemProxy;
			containerPortal = 26E6399C10B7D5B5001A3243 /* Three20.xcodeproj */;
			proxyType = 2;
			remoteGlobalIDString = BEF31F3A0F352DF5000DE5D2;
			remoteInfo = "Three20-P31";
		};
		26E639D010B7D60B001A3243 /* PBXContainerItemProxy */ = {
			isa = PBXContainerItemProxy;
			containerPortal = 26E6399C10B7D5B5001A3243 /* Three20.xcodeproj */;
			proxyType = 1;
			remoteGlobalIDString = BEF31F390F352DF5000DE5D2;
			remoteInfo = "Three20-P31";
		};
/* End PBXContainerItemProxy section */

/* Begin PBXFileReference section */
		1D30AB110D05D00D00671497 /* Foundation.framework */ = {isa = PBXFileReference; lastKnownFileType = wrapper.framework; name = Foundation.framework; path = System/Library/Frameworks/Foundation.framework; sourceTree = SDKROOT; };
		1D3623240D0F684500981E51 /* TTPickerTextFieldDemoAppDelegate.h */ = {isa = PBXFileReference; fileEncoding = 4; lastKnownFileType = sourcecode.c.h; path = TTPickerTextFieldDemoAppDelegate.h; sourceTree = "<group>"; };
		1D3623250D0F684500981E51 /* TTPickerTextFieldDemoAppDelegate.m */ = {isa = PBXFileReference; fileEncoding = 4; lastKnownFileType = sourcecode.c.objc; path = TTPickerTextFieldDemoAppDelegate.m; sourceTree = "<group>"; };
		1D6058910D05DD3D006BFB54 /* TTPickerTextFieldDemo.app */ = {isa = PBXFileReference; explicitFileType = wrapper.application; includeInIndex = 0; path = TTPickerTextFieldDemo.app; sourceTree = BUILT_PRODUCTS_DIR; };
		1DF5F4DF0D08C38300B7A737 /* UIKit.framework */ = {isa = PBXFileReference; lastKnownFileType = wrapper.framework; name = UIKit.framework; path = System/Library/Frameworks/UIKit.framework; sourceTree = SDKROOT; };
		26ABE47310B8765600F96C7E /* TTPickerTextFieldDemo_Prefix.pch */ = {isa = PBXFileReference; fileEncoding = 4; lastKnownFileType = sourcecode.c.h; path = TTPickerTextFieldDemo_Prefix.pch; sourceTree = "<group>"; };
		26ABE47410B8766300F96C7E /* TTPickerTextFieldDemo-Info.plist */ = {isa = PBXFileReference; fileEncoding = 4; lastKnownFileType = text.plist.xml; path = "TTPickerTextFieldDemo-Info.plist"; sourceTree = "<group>"; };
		26E6399C10B7D5B5001A3243 /* Three20.xcodeproj */ = {isa = PBXFileReference; lastKnownFileType = "wrapper.pb-project"; name = Three20.xcodeproj; path = "../../../../Library/SDKs/three20-P31/src/Three20.xcodeproj"; sourceTree = SOURCE_ROOT; };
		26E639A510B7D5C6001A3243 /* Three20.bundle */ = {isa = PBXFileReference; lastKnownFileType = "wrapper.plug-in"; name = Three20.bundle; path = "../../../../Library/SDKs/three20-P31/src/Three20.bundle"; sourceTree = SOURCE_ROOT; };
		26E639C510B7D5CF001A3243 /* Prime31.bundle */ = {isa = PBXFileReference; lastKnownFileType = "wrapper.plug-in"; name = Prime31.bundle; path = "../../../../Library/SDKs/three20-P31/src/P31-Additions/Prime31.bundle"; sourceTree = SOURCE_ROOT; };
		26E639D310B7D613001A3243 /* QuartzCore.framework */ = {isa = PBXFileReference; lastKnownFileType = wrapper.framework; name = QuartzCore.framework; path = System/Library/Frameworks/QuartzCore.framework; sourceTree = SDKROOT; };
		26E63A0910B7D9D8001A3243 /* PickerController.h */ = {isa = PBXFileReference; fileEncoding = 4; lastKnownFileType = sourcecode.c.h; path = PickerController.h; sourceTree = "<group>"; };
		26E63A0A10B7D9D8001A3243 /* PickerController.m */ = {isa = PBXFileReference; fileEncoding = 4; lastKnownFileType = sourcecode.c.objc; path = PickerController.m; sourceTree = "<group>"; };
		26E63A1810B7DACD001A3243 /* StatesModel.h */ = {isa = PBXFileReference; fileEncoding = 4; lastKnownFileType = sourcecode.c.h; path = StatesModel.h; sourceTree = "<group>"; };
		26E63A1910B7DACD001A3243 /* StatesModel.m */ = {isa = PBXFileReference; fileEncoding = 4; lastKnownFileType = sourcecode.c.objc; path = StatesModel.m; sourceTree = "<group>"; };
		26E63A3A10B7DC4B001A3243 /* PickerDataSource.h */ = {isa = PBXFileReference; fileEncoding = 4; lastKnownFileType = sourcecode.c.h; path = PickerDataSource.h; sourceTree = "<group>"; };
		26E63A3B10B7DC4B001A3243 /* PickerDataSource.m */ = {isa = PBXFileReference; fileEncoding = 4; lastKnownFileType = sourcecode.c.objc; path = PickerDataSource.m; sourceTree = "<group>"; };
		288765FC0DF74451002DB57D /* CoreGraphics.framework */ = {isa = PBXFileReference; lastKnownFileType = wrapper.framework; name = CoreGraphics.framework; path = System/Library/Frameworks/CoreGraphics.framework; sourceTree = SDKROOT; };
		29B97316FDCFA39411CA2CEA /* main.m */ = {isa = PBXFileReference; fileEncoding = 4; lastKnownFileType = sourcecode.c.objc; path = main.m; sourceTree = "<group>"; };
/* End PBXFileReference section */

/* Begin PBXFrameworksBuildPhase section */
		1D60588F0D05DD3D006BFB54 /* Frameworks */ = {
			isa = PBXFrameworksBuildPhase;
			buildActionMask = 2147483647;
			files = (
				1D60589F0D05DD5A006BFB54 /* Foundation.framework in Frameworks */,
				1DF5F4E00D08C38300B7A737 /* UIKit.framework in Frameworks */,
				288765FD0DF74451002DB57D /* CoreGraphics.framework in Frameworks */,
				26E639CF10B7D603001A3243 /* libThree20.a in Frameworks */,
				26E639D410B7D613001A3243 /* QuartzCore.framework in Frameworks */,
			);
			runOnlyForDeploymentPostprocessing = 0;
		};
/* End PBXFrameworksBuildPhase section */

/* Begin PBXGroup section */
		080E96DDFE201D6D7F000001 /* Classes */ = {
			isa = PBXGroup;
			children = (
				1D3623240D0F684500981E51 /* TTPickerTextFieldDemoAppDelegate.h */,
				1D3623250D0F684500981E51 /* TTPickerTextFieldDemoAppDelegate.m */,
				26E63A0910B7D9D8001A3243 /* PickerController.h */,
				26E63A0A10B7D9D8001A3243 /* PickerController.m */,
				26E63A1810B7DACD001A3243 /* StatesModel.h */,
				26E63A1910B7DACD001A3243 /* StatesModel.m */,
				26E63A3A10B7DC4B001A3243 /* PickerDataSource.h */,
				26E63A3B10B7DC4B001A3243 /* PickerDataSource.m */,
			);
			path = Classes;
			sourceTree = "<group>";
		};
		19C28FACFE9D520D11CA2CBB /* Products */ = {
			isa = PBXGroup;
			children = (
				1D6058910D05DD3D006BFB54 /* TTPickerTextFieldDemo.app */,
			);
			name = Products;
			sourceTree = "<group>";
		};
		26E6399D10B7D5B5001A3243 /* Products */ = {
			isa = PBXGroup;
			children = (
				26E639A110B7D5B5001A3243 /* libThree20.a */,
			);
			name = Products;
			sourceTree = "<group>";
		};
		29B97314FDCFA39411CA2CEA /* CustomTemplate */ = {
			isa = PBXGroup;
			children = (
				26E6399C10B7D5B5001A3243 /* Three20.xcodeproj */,
				080E96DDFE201D6D7F000001 /* Classes */,
				29B97315FDCFA39411CA2CEA /* Other Sources */,
				29B97317FDCFA39411CA2CEA /* Resources */,
				29B97323FDCFA39411CA2CEA /* Frameworks */,
				19C28FACFE9D520D11CA2CBB /* Products */,
			);
			name = CustomTemplate;
			sourceTree = "<group>";
		};
		29B97315FDCFA39411CA2CEA /* Other Sources */ = {
			isa = PBXGroup;
			children = (
				26ABE47310B8765600F96C7E /* TTPickerTextFieldDemo_Prefix.pch */,
				29B97316FDCFA39411CA2CEA /* main.m */,
			);
			name = "Other Sources";
			sourceTree = "<group>";
		};
		29B97317FDCFA39411CA2CEA /* Resources */ = {
			isa = PBXGroup;
			children = (
				26ABE47410B8766300F96C7E /* TTPickerTextFieldDemo-Info.plist */,
				26E639C510B7D5CF001A3243 /* Prime31.bundle */,
				26E639A510B7D5C6001A3243 /* Three20.bundle */,
			);
			name = Resources;
			sourceTree = "<group>";
		};
		29B97323FDCFA39411CA2CEA /* Frameworks */ = {
			isa = PBXGroup;
			children = (
				1DF5F4DF0D08C38300B7A737 /* UIKit.framework */,
				1D30AB110D05D00D00671497 /* Foundation.framework */,
				288765FC0DF74451002DB57D /* CoreGraphics.framework */,
				26E639D310B7D613001A3243 /* QuartzCore.framework */,
			);
			name = Frameworks;
			sourceTree = "<group>";
		};
/* End PBXGroup section */

/* Begin PBXNativeTarget section */
		1D6058900D05DD3D006BFB54 /* TTPickerTextFieldDemo */ = {
			isa = PBXNativeTarget;
			buildConfigurationList = 1D6058960D05DD3E006BFB54 /* Build configuration list for PBXNativeTarget "TTPickerTextFieldDemo" */;
			buildPhases = (
				1D60588D0D05DD3D006BFB54 /* Resources */,
				1D60588E0D05DD3D006BFB54 /* Sources */,
				1D60588F0D05DD3D006BFB54 /* Frameworks */,
			);
			buildRules = (
			);
			dependencies = (
				26E639D110B7D60B001A3243 /* PBXTargetDependency */,
			);
			name = TTPickerTextFieldDemo;
			productName = PickerTextDemo;
			productReference = 1D6058910D05DD3D006BFB54 /* TTPickerTextFieldDemo.app */;
			productType = "com.apple.product-type.application";
		};
/* End PBXNativeTarget section */

/* Begin PBXProject section */
		29B97313FDCFA39411CA2CEA /* Project object */ = {
			isa = PBXProject;
			buildConfigurationList = C01FCF4E08A954540054247B /* Build configuration list for PBXProject "TTPickerTextFieldDemo" */;
			compatibilityVersion = "Xcode 3.1";
			hasScannedForEncodings = 1;
			mainGroup = 29B97314FDCFA39411CA2CEA /* CustomTemplate */;
			projectDirPath = "";
			projectReferences = (
				{
					ProductGroup = 26E6399D10B7D5B5001A3243 /* Products */;
					ProjectRef = 26E6399C10B7D5B5001A3243 /* Three20.xcodeproj */;
				},
			);
			projectRoot = "";
			targets = (
				1D6058900D05DD3D006BFB54 /* TTPickerTextFieldDemo */,
			);
		};
/* End PBXProject section */

/* Begin PBXReferenceProxy section */
		26E639A110B7D5B5001A3243 /* libThree20.a */ = {
			isa = PBXReferenceProxy;
			fileType = archive.ar;
			path = libThree20.a;
			remoteRef = 26E639A010B7D5B5001A3243 /* PBXContainerItemProxy */;
			sourceTree = BUILT_PRODUCTS_DIR;
		};
/* End PBXReferenceProxy section */

/* Begin PBXResourcesBuildPhase section */
		1D60588D0D05DD3D006BFB54 /* Resources */ = {
			isa = PBXResourcesBuildPhase;
			buildActionMask = 2147483647;
			files = (
				26E639A610B7D5C6001A3243 /* Three20.bundle in Resources */,
				26E639C610B7D5CF001A3243 /* Prime31.bundle in Resources */,
			);
			runOnlyForDeploymentPostprocessing = 0;
		};
/* End PBXResourcesBuildPhase section */

/* Begin PBXSourcesBuildPhase section */
		1D60588E0D05DD3D006BFB54 /* Sources */ = {
			isa = PBXSourcesBuildPhase;
			buildActionMask = 2147483647;
			files = (
				1D60589B0D05DD56006BFB54 /* main.m in Sources */,
				1D3623260D0F684500981E51 /* TTPickerTextFieldDemoAppDelegate.m in Sources */,
				26E63A0B10B7D9D8001A3243 /* PickerController.m in Sources */,
				26E63A1A10B7DACD001A3243 /* StatesModel.m in Sources */,
				26E63A3C10B7DC4B001A3243 /* PickerDataSource.m in Sources */,
			);
			runOnlyForDeploymentPostprocessing = 0;
		};
/* End PBXSourcesBuildPhase section */

/* Begin PBXTargetDependency section */
		26E639D110B7D60B001A3243 /* PBXTargetDependency */ = {
			isa = PBXTargetDependency;
			name = "Three20-P31";
			targetProxy = 26E639D010B7D60B001A3243 /* PBXContainerItemProxy */;
		};
/* End PBXTargetDependency section */

/* Begin XCBuildConfiguration section */
		1D6058940D05DD3E006BFB54 /* Debug */ = {
			isa = XCBuildConfiguration;
			buildSettings = {
				ALWAYS_SEARCH_USER_PATHS = NO;
				COPY_PHASE_STRIP = NO;
				GCC_DYNAMIC_NO_PIC = NO;
				GCC_OPTIMIZATION_LEVEL = 0;
				GCC_PRECOMPILE_PREFIX_HEADER = YES;
				GCC_PREFIX_HEADER = TTPickerTextFieldDemo_Prefix.pch;
				INFOPLIST_FILE = "TTPickerTextFieldDemo-Info.plist";
				PRODUCT_NAME = TTPickerTextFieldDemo;
			};
			name = Debug;
		};
		1D6058950D05DD3E006BFB54 /* Release */ = {
			isa = XCBuildConfiguration;
			buildSettings = {
				ALWAYS_SEARCH_USER_PATHS = NO;
				COPY_PHASE_STRIP = YES;
				GCC_PRECOMPILE_PREFIX_HEADER = YES;
				GCC_PREFIX_HEADER = TTPickerTextFieldDemo_Prefix.pch;
				INFOPLIST_FILE = "TTPickerTextFieldDemo-Info.plist";
				PRODUCT_NAME = TTPickerTextFieldDemo;
			};
			name = Release;
		};
		C01FCF4F08A954540054247B /* Debug */ = {
			isa = XCBuildConfiguration;
			buildSettings = {
				ARCHS = "$(ARCHS_STANDARD_32_BIT)";
				"CODE_SIGN_IDENTITY[sdk=iphoneos*]" = "iPhone Developer";
				GCC_C_LANGUAGE_STANDARD = c99;
				GCC_WARN_ABOUT_RETURN_TYPE = YES;
				GCC_WARN_UNUSED_VARIABLE = YES;
				HEADER_SEARCH_PATHS = "~/Library/SDKs/three20-P31/src/**";
				OTHER_LDFLAGS = (
					"-all_load",
					"-ObjC",
				);
				PREBINDING = NO;
				SDKROOT = iphoneos3.1.2;
			};
			name = Debug;
		};
		C01FCF5008A954540054247B /* Release */ = {
			isa = XCBuildConfiguration;
			buildSettings = {
				ARCHS = "$(ARCHS_STANDARD_32_BIT)";
				"CODE_SIGN_IDENTITY[sdk=iphoneos*]" = "iPhone Developer";
				GCC_C_LANGUAGE_STANDARD = c99;
				GCC_WARN_ABOUT_RETURN_TYPE = YES;
				GCC_WARN_UNUSED_VARIABLE = YES;
				PREBINDING = NO;
				SDKROOT = iphoneos3.1.2;
			};
			name = Release;
		};
/* End XCBuildConfiguration section */

/* Begin XCConfigurationList section */
		1D6058960D05DD3E006BFB54 /* Build configuration list for PBXNativeTarget "TTPickerTextFieldDemo" */ = {
			isa = XCConfigurationList;
			buildConfigurations = (
				1D6058940D05DD3E006BFB54 /* Debug */,
				1D6058950D05DD3E006BFB54 /* Release */,
			);
			defaultConfigurationIsVisible = 0;
			defaultConfigurationName = Release;
		};
		C01FCF4E08A954540054247B /* Build configuration list for PBXProject "TTPickerTextFieldDemo" */ = {
			isa = XCConfigurationList;
			buildConfigurations = (
				C01FCF4F08A954540054247B /* Debug */,
				C01FCF5008A954540054247B /* Release */,
			);
			defaultConfigurationIsVisible = 0;
			defaultConfigurationName = Release;
		};
/* End XCConfigurationList section */
	};
	rootObject = 29B97313FDCFA39411CA2CEA /* Project object */;
}
